
Microsoft Visual Studio Solution File, Format Version 12.00
# Visual Studio Version 17
VisualStudioVersion = 17.7.34202.233
MinimumVisualStudioVersion = 10.0.40219.1
Project("{9A19103F-16F7-4668-BE54-9A1E7A4F7556}") = "WorkerService", "WorkerService\WorkerService.csproj", "{BFE30827-154C-445D-BBE6-B041C9AD996E}"
EndProject
Project("{9A19103F-16F7-4668-BE54-9A1E7A4F7556}") = "CGQuoye", "CGQuoye\CGQuoye.csproj", "{D0B0F44B-0172-4DDC-83D2-EDC09C054810}"
EndProject
Project("{FAE04EC0-301F-11D3-BF4B-00C04F79EFBC}") = "WorkerLib", "WorkerLib\WorkerLib.csproj", "{C8D5152A-99DE-4371-931F-2D11A6BBBFAA}"
EndProject
Project("{FAE04EC0-301F-11D3-BF4B-00C04F79EFBC}") = "HoastedServiceLib", "HoastedServiceLib\HoastedServiceLib.csproj", "{F59581A1-E3BE-4614-8F49-38B3718F154E}"
EndProject
Project("{FAE04EC0-301F-11D3-BF4B-00C04F79EFBC}") = "BlazorApp1", "BlazorApp1\BlazorApp1.csproj", "{5C259431-F983-4C76-BB1E-CBC0A3D71849}"
EndProject
Global
	GlobalSection(SolutionConfigurationPlatforms) = preSolution
		Debug|Any CPU = Debug|Any CPU
		Release|Any CPU = Release|Any CPU
	EndGlobalSection
	GlobalSection(ProjectConfigurationPlatforms) = postSolution
		{BFE30827-154C-445D-BBE6-B041C9AD996E}.Debug|Any CPU.ActiveCfg = Debug|Any CPU
		{BFE30827-154C-445D-BBE6-B041C9AD996E}.Debug|Any CPU.Build.0 = Debug|Any CPU
		{BFE30827-154C-445D-BBE6-B041C9AD996E}.Release|Any CPU.ActiveCfg = Release|Any CPU
		{BFE30827-154C-445D-BBE6-B041C9AD996E}.Release|Any CPU.Build.0 = Release|Any CPU
		{D0B0F44B-0172-4DDC-83D2-EDC09C054810}.Debug|Any CPU.ActiveCfg = Debug|Any CPU
		{D0B0F44B-0172-4DDC-83D2-EDC09C054810}.Debug|Any CPU.Build.0 = Debug|Any CPU
		{D0B0F44B-0172-4DDC-83D2-EDC09C054810}.Release|Any CPU.ActiveCfg = Release|Any CPU
		{D0B0F44B-0172-4DDC-83D2-EDC09C054810}.Release|Any CPU.Build.0 = Release|Any CPU
		{C8D5152A-99DE-4371-931F-2D11A6BBBFAA}.Debug|Any CPU.ActiveCfg = Debug|Any CPU
		{C8D5152A-99DE-4371-931F-2D11A6BBBFAA}.Debug|Any CPU.Build.0 = Debug|Any CPU
		{C8D5152A-99DE-4371-931F-2D11A6BBBFAA}.Release|Any CPU.ActiveCfg = Release|Any CPU
		{C8D5152A-99DE-4371-931F-2D11A6BBBFAA}.Release|Any CPU.Build.0 = Release|Any CPU
		{F59581A1-E3BE-4614-8F49-38B3718F154E}.Debug|Any CPU.ActiveCfg = Debug|Any CPU
		{F59581A1-E3BE-4614-8F49-38B3718F154E}.Debug|Any CPU.Build.0 = Debug|Any CPU
		{F59581A1-E3BE-4614-8F49-38B3718F154E}.Release|Any CPU.ActiveCfg = Release|Any CPU
		{F59581A1-E3BE-4614-8F49-38B3718F154E}.Release|Any CPU.Build.0 = Release|Any CPU
		{5C259431-F983-4C76-BB1E-CBC0A3D71849}.Debug|Any CPU.ActiveCfg = Debug|Any CPU
		{5C259431-F983-4C76-BB1E-CBC0A3D71849}.Debug|Any CPU.Build.0 = Debug|Any CPU
		{5C259431-F983-4C76-BB1E-CBC0A3D71849}.Release|Any CPU.ActiveCfg = Release|Any CPU
		{5C259431-F983-4C76-BB1E-CBC0A3D71849}.Release|Any CPU.Build.0 = Release|Any CPU
	EndGlobalSection
	GlobalSection(SolutionProperties) = preSolution
		HideSolutionNode = FALSE
	EndGlobalSection
	GlobalSection(ExtensibilityGlobals) = postSolution
		SolutionGuid = {2905ABD6-02E0-471B-AE22-2BED65BCC1FC}
	EndGlobalSection
EndGlobal
