
Microsoft Visual Studio Solution File, Format Version 12.00
# Visual Studio Version 17
VisualStudioVersion = 17.7.34202.233
MinimumVisualStudioVersion = 10.0.40219.1
Project("{FAE04EC0-301F-11D3-BF4B-00C04F79EFBC}") = "WorkerService", "WorkerService\WorkerService.csproj", "{BFE30827-154C-445D-BBE6-B041C9AD996E}"
EndProject
Project("{FAE04EC0-301F-11D3-BF4B-00C04F79EFBC}") = "CGQuoye", "CGQuoye\CGQuoye.csproj", "{D0B0F44B-0172-4DDC-83D2-EDC09C054810}"
EndProject
Global
	GlobalSection(SolutionConfigurationPlatforms) = preSolution
		Debug|Any CPU = Debug|Any CPU
		Release|Any CPU = Release|Any CPU
	EndGlobalSection
	GlobalSection(ProjectConfigurationPlatforms) = postSolution
		{BFE30827-154C-445D-BBE6-B041C9AD996E}.Debug|Any CPU.ActiveCfg = Debug|Any CPU
		{BFE30827-154C-445D-BBE6-B041C9AD996E}.Debug|Any CPU.Build.0 = Debug|Any CPU
		{BFE30827-154C-445D-BBE6-B041C9AD996E}.Release|Any CPU.ActiveCfg = Release|Any CPU
		{BFE30827-154C-445D-BBE6-B041C9AD996E}.Release|Any CPU.Build.0 = Release|Any CPU
		{D0B0F44B-0172-4DDC-83D2-EDC09C054810}.Debug|Any CPU.ActiveCfg = Debug|Any CPU
		{D0B0F44B-0172-4DDC-83D2-EDC09C054810}.Debug|Any CPU.Build.0 = Debug|Any CPU
		{D0B0F44B-0172-4DDC-83D2-EDC09C054810}.Release|Any CPU.ActiveCfg = Release|Any CPU
		{D0B0F44B-0172-4DDC-83D2-EDC09C054810}.Release|Any CPU.Build.0 = Release|Any CPU
	EndGlobalSection
	GlobalSection(SolutionProperties) = preSolution
		HideSolutionNode = FALSE
	EndGlobalSection
	GlobalSection(ExtensibilityGlobals) = postSolution
		SolutionGuid = {2905ABD6-02E0-471B-AE22-2BED65BCC1FC}
	EndGlobalSection
EndGlobal
